
Microsoft Visual Studio Solution File, Format Version 12.00
# Visual Studio Version 16
VisualStudioVersion = 16.0.29609.76
MinimumVisualStudioVersion = 10.0.40219.1
Project("{FAE04EC0-301F-11D3-BF4B-00C04F79EFBC}") = "CrudWinForm", "CrudEstagio\CrudWinForm.csproj", "{79ADF205-DA70-4417-991A-365E8FD20BDF}"
EndProject
Global
	GlobalSection(SolutionConfigurationPlatforms) = preSolution
		Debug|Any CPU = Debug|Any CPU
		Release|Any CPU = Release|Any CPU
	EndGlobalSection
	GlobalSection(ProjectConfigurationPlatforms) = postSolution
		{79ADF205-DA70-4417-991A-365E8FD20BDF}.Debug|Any CPU.ActiveCfg = Debug|Any CPU
		{79ADF205-DA70-4417-991A-365E8FD20BDF}.Debug|Any CPU.Build.0 = Debug|Any CPU
		{79ADF205-DA70-4417-991A-365E8FD20BDF}.Release|Any CPU.ActiveCfg = Release|Any CPU
		{79ADF205-DA70-4417-991A-365E8FD20BDF}.Release|Any CPU.Build.0 = Release|Any CPU
	EndGlobalSection
	GlobalSection(SolutionProperties) = preSolution
		HideSolutionNode = FALSE
	EndGlobalSection
	GlobalSection(ExtensibilityGlobals) = postSolution
		SolutionGuid = {7EF1F6CA-EC9D-4D25-BBBF-FA4014ECBFCB}
	EndGlobalSection
EndGlobal
